
Microsoft Visual Studio Solution File, Format Version 12.00
# Visual Studio Version 17
VisualStudioVersion = 17.9.34616.47
MinimumVisualStudioVersion = 10.0.40219.1
Project("{9A19103F-16F7-4668-BE54-9A1E7A4F7556}") = "TubesKPL_WorkersUnion", "TubesKPL_WorkersUnion\TubesKPL_WorkersUnion.csproj", "{581E2C67-1B09-43FC-B93A-36DC6CA2CF0E}"
EndProject
Project("{9A19103F-16F7-4668-BE54-9A1E7A4F7556}") = "GUI_Form", "GUI_Form\GUI_Form.csproj", "{4CC8CBC5-4D98-4F10-8AD4-3E51B2F91105}"
EndProject
Project("{9A19103F-16F7-4668-BE54-9A1E7A4F7556}") = "API", "API\API.csproj", "{BFF64033-2BAE-485A-8FC3-D22DF2117DF8}"
EndProject
Project("{FAE04EC0-301F-11D3-BF4B-00C04F79EFBC}") = "Akun_LoggedIn", "Akun_LoggedIn\Akun_LoggedIn.csproj", "{66D068D9-676A-4CCD-9178-949379326E59}"
EndProject
Global
	GlobalSection(SolutionConfigurationPlatforms) = preSolution
		Debug|Any CPU = Debug|Any CPU
		Release|Any CPU = Release|Any CPU
	EndGlobalSection
	GlobalSection(ProjectConfigurationPlatforms) = postSolution
		{581E2C67-1B09-43FC-B93A-36DC6CA2CF0E}.Debug|Any CPU.ActiveCfg = Debug|Any CPU
		{581E2C67-1B09-43FC-B93A-36DC6CA2CF0E}.Debug|Any CPU.Build.0 = Debug|Any CPU
		{581E2C67-1B09-43FC-B93A-36DC6CA2CF0E}.Release|Any CPU.ActiveCfg = Release|Any CPU
		{581E2C67-1B09-43FC-B93A-36DC6CA2CF0E}.Release|Any CPU.Build.0 = Release|Any CPU
		{4CC8CBC5-4D98-4F10-8AD4-3E51B2F91105}.Debug|Any CPU.ActiveCfg = Debug|Any CPU
		{4CC8CBC5-4D98-4F10-8AD4-3E51B2F91105}.Debug|Any CPU.Build.0 = Debug|Any CPU
		{4CC8CBC5-4D98-4F10-8AD4-3E51B2F91105}.Release|Any CPU.ActiveCfg = Release|Any CPU
		{4CC8CBC5-4D98-4F10-8AD4-3E51B2F91105}.Release|Any CPU.Build.0 = Release|Any CPU
		{BFF64033-2BAE-485A-8FC3-D22DF2117DF8}.Debug|Any CPU.ActiveCfg = Debug|Any CPU
		{BFF64033-2BAE-485A-8FC3-D22DF2117DF8}.Debug|Any CPU.Build.0 = Debug|Any CPU
		{BFF64033-2BAE-485A-8FC3-D22DF2117DF8}.Release|Any CPU.ActiveCfg = Release|Any CPU
		{BFF64033-2BAE-485A-8FC3-D22DF2117DF8}.Release|Any CPU.Build.0 = Release|Any CPU
		{66D068D9-676A-4CCD-9178-949379326E59}.Debug|Any CPU.ActiveCfg = Debug|Any CPU
		{66D068D9-676A-4CCD-9178-949379326E59}.Debug|Any CPU.Build.0 = Debug|Any CPU
		{66D068D9-676A-4CCD-9178-949379326E59}.Release|Any CPU.ActiveCfg = Release|Any CPU
		{66D068D9-676A-4CCD-9178-949379326E59}.Release|Any CPU.Build.0 = Release|Any CPU
	EndGlobalSection
	GlobalSection(SolutionProperties) = preSolution
		HideSolutionNode = FALSE
	EndGlobalSection
	GlobalSection(ExtensibilityGlobals) = postSolution
		SolutionGuid = {964BEC03-E7E0-4A68-B86A-5483FFE716C8}
	EndGlobalSection
EndGlobal
